
Microsoft Visual Studio Solution File, Format Version 12.00
# Visual Studio Version 16
VisualStudioVersion = 16.0.29806.167
MinimumVisualStudioVersion = 10.0.40219.1
Project("{9A19103F-16F7-4668-BE54-9A1E7A4F7556}") = "LibraryApp", "LibraryApp\LibraryApp.csproj", "{B1FD2396-B476-4D40-A4A8-2A4811D4D936}"
EndProject
Project("{9A19103F-16F7-4668-BE54-9A1E7A4F7556}") = "LibraryApp.Data", "LibraryApp.Data\LibraryApp.Data.csproj", "{38A54B15-5339-4FD8-92E7-5E5AEA0054DC}"
EndProject
Project("{FAE04EC0-301F-11D3-BF4B-00C04F79EFBC}") = "LibraryApp.UnitTest", "LibraryApp.UnitTest\LibraryApp.UnitTest.csproj", "{089B0AF1-8A4F-43A1-A824-59E056663B15}"
EndProject
Global
	GlobalSection(SolutionConfigurationPlatforms) = preSolution
		Debug|Any CPU = Debug|Any CPU
		Release|Any CPU = Release|Any CPU
	EndGlobalSection
	GlobalSection(ProjectConfigurationPlatforms) = postSolution
		{B1FD2396-B476-4D40-A4A8-2A4811D4D936}.Debug|Any CPU.ActiveCfg = Debug|Any CPU
		{B1FD2396-B476-4D40-A4A8-2A4811D4D936}.Debug|Any CPU.Build.0 = Debug|Any CPU
		{B1FD2396-B476-4D40-A4A8-2A4811D4D936}.Release|Any CPU.ActiveCfg = Release|Any CPU
		{B1FD2396-B476-4D40-A4A8-2A4811D4D936}.Release|Any CPU.Build.0 = Release|Any CPU
		{38A54B15-5339-4FD8-92E7-5E5AEA0054DC}.Debug|Any CPU.ActiveCfg = Debug|Any CPU
		{38A54B15-5339-4FD8-92E7-5E5AEA0054DC}.Debug|Any CPU.Build.0 = Debug|Any CPU
		{38A54B15-5339-4FD8-92E7-5E5AEA0054DC}.Release|Any CPU.ActiveCfg = Release|Any CPU
		{38A54B15-5339-4FD8-92E7-5E5AEA0054DC}.Release|Any CPU.Build.0 = Release|Any CPU
		{089B0AF1-8A4F-43A1-A824-59E056663B15}.Debug|Any CPU.ActiveCfg = Debug|Any CPU
		{089B0AF1-8A4F-43A1-A824-59E056663B15}.Debug|Any CPU.Build.0 = Debug|Any CPU
		{089B0AF1-8A4F-43A1-A824-59E056663B15}.Release|Any CPU.ActiveCfg = Release|Any CPU
		{089B0AF1-8A4F-43A1-A824-59E056663B15}.Release|Any CPU.Build.0 = Release|Any CPU
	EndGlobalSection
	GlobalSection(SolutionProperties) = preSolution
		HideSolutionNode = FALSE
	EndGlobalSection
	GlobalSection(ExtensibilityGlobals) = postSolution
		SolutionGuid = {413FFD50-90E6-43D0-8EA5-9D90F9FD482E}
	EndGlobalSection
EndGlobal
